
Microsoft Visual Studio Solution File, Format Version 12.00
# Visual Studio 15
VisualStudioVersion = 15.0.27130.2026
MinimumVisualStudioVersion = 10.0.40219.1
Project("{9A19103F-16F7-4668-BE54-9A1E7A4F7556}") = "YoutubeApp.Api", "YoutubeApp.Api\YoutubeApp.Api.csproj", "{88CA29A4-32C6-450D-AD29-8DA3B9B25882}"
EndProject
Project("{FAE04EC0-301F-11D3-BF4B-00C04F79EFBC}") = "YoutubeApp.Processor", "YoutubeApp.Processor\YoutubeApp.Processor.csproj", "{6888AA9C-AEC3-4400-9F42-C53ABC5DC466}"
EndProject
Project("{FAE04EC0-301F-11D3-BF4B-00C04F79EFBC}") = "YoutubeApp.Domain", "YoutubeApp.Domain\YoutubeApp.Domain.csproj", "{D7BA93DB-1DD3-409A-9897-E736955E304B}"
EndProject
Global
	GlobalSection(SolutionConfigurationPlatforms) = preSolution
		Debug|Any CPU = Debug|Any CPU
		Release|Any CPU = Release|Any CPU
	EndGlobalSection
	GlobalSection(ProjectConfigurationPlatforms) = postSolution
		{88CA29A4-32C6-450D-AD29-8DA3B9B25882}.Debug|Any CPU.ActiveCfg = Debug|Any CPU
		{88CA29A4-32C6-450D-AD29-8DA3B9B25882}.Debug|Any CPU.Build.0 = Debug|Any CPU
		{88CA29A4-32C6-450D-AD29-8DA3B9B25882}.Release|Any CPU.ActiveCfg = Release|Any CPU
		{88CA29A4-32C6-450D-AD29-8DA3B9B25882}.Release|Any CPU.Build.0 = Release|Any CPU
		{6888AA9C-AEC3-4400-9F42-C53ABC5DC466}.Debug|Any CPU.ActiveCfg = Debug|Any CPU
		{6888AA9C-AEC3-4400-9F42-C53ABC5DC466}.Debug|Any CPU.Build.0 = Debug|Any CPU
		{6888AA9C-AEC3-4400-9F42-C53ABC5DC466}.Release|Any CPU.ActiveCfg = Release|Any CPU
		{6888AA9C-AEC3-4400-9F42-C53ABC5DC466}.Release|Any CPU.Build.0 = Release|Any CPU
		{D7BA93DB-1DD3-409A-9897-E736955E304B}.Debug|Any CPU.ActiveCfg = Debug|Any CPU
		{D7BA93DB-1DD3-409A-9897-E736955E304B}.Debug|Any CPU.Build.0 = Debug|Any CPU
		{D7BA93DB-1DD3-409A-9897-E736955E304B}.Release|Any CPU.ActiveCfg = Release|Any CPU
		{D7BA93DB-1DD3-409A-9897-E736955E304B}.Release|Any CPU.Build.0 = Release|Any CPU
	EndGlobalSection
	GlobalSection(SolutionProperties) = preSolution
		HideSolutionNode = FALSE
	EndGlobalSection
	GlobalSection(ExtensibilityGlobals) = postSolution
		SolutionGuid = {B67B682A-2B12-4600-8679-055C739DAEA2}
	EndGlobalSection
EndGlobal
